// !$*UTF8*$!
{
	archiveVersion = 1;
	classes = {
	};
	objectVersion = 56;
	objects = {

/* Begin PBXBuildFile section */
		BA0527D52C0F7EC800382B79 /* day8.swift in Sources */ = {isa = PBXBuildFile; fileRef = BA0527D42C0F7EC800382B79 /* day8.swift */; };
		BA0527D72C0F91FF00382B79 /* Checkpoint4.swift in Sources */ = {isa = PBXBuildFile; fileRef = BA0527D62C0F91FF00382B79 /* Checkpoint4.swift */; };
		BA0827762BFF8A3100C064A7 /* day.swift in Sources */ = {isa = PBXBuildFile; fileRef = BA0827752BFF8A3000C064A7 /* day.swift */; };
		BA0827782BFF8C0500C064A7 /* day3.swift in Sources */ = {isa = PBXBuildFile; fileRef = BA0827772BFF8C0500C064A7 /* day3.swift */; };
		BA1225832C04F9050098EE78 /* day5.swift in Sources */ = {isa = PBXBuildFile; fileRef = BA1225822C04F9050098EE78 /* day5.swift */; };
		BA25CD512C12751E0099754E /* day9.swift in Sources */ = {isa = PBXBuildFile; fileRef = BA25CD502C12751E0099754E /* day9.swift */; };
		BA5372D22C46D52000C33C88 /* Checkpoint7.swift in Sources */ = {isa = PBXBuildFile; fileRef = BA5372D12C46D52000C33C88 /* Checkpoint7.swift */; };
		BA5556202C23A267000FA298 /* day10.swift in Sources */ = {isa = PBXBuildFile; fileRef = BA55561F2C23A267000FA298 /* day10.swift */; };
		BA5BA9FA2C06967F00768C06 /* day6.swift in Sources */ = {isa = PBXBuildFile; fileRef = BA5BA9F92C06967F00768C06 /* day6.swift */; };
		BA5BA9FC2C06AD8100768C06 /* Checkpoint3.swift in Sources */ = {isa = PBXBuildFile; fileRef = BA5BA9FB2C06AD8100768C06 /* Checkpoint3.swift */; };
		BA84BC0B2C0E33F4001EA09D /* day7.swift in Sources */ = {isa = PBXBuildFile; fileRef = BA84BC0A2C0E33F4001EA09D /* day7.swift */; };
		BA85E37F2C4F47EB000C3CE7 /* Checkpoint8.swift in Sources */ = {isa = PBXBuildFile; fileRef = BA85E37E2C4F47EB000C3CE7 /* Checkpoint8.swift */; };
		BA88908D2C21133C0053D0EF /* Checkpoint5.swift in Sources */ = {isa = PBXBuildFile; fileRef = BA88908C2C21133C0053D0EF /* Checkpoint5.swift */; };
		BA9427522BFECF890020E1FB /* main.swift in Sources */ = {isa = PBXBuildFile; fileRef = BA9427512BFECF890020E1FB /* main.swift */; };
		BA9427592BFECFA30020E1FB /* day1.swift in Sources */ = {isa = PBXBuildFile; fileRef = BA9427582BFECFA30020E1FB /* day1.swift */; };
		BA94275B2BFED3AC0020E1FB /* day2.swift in Sources */ = {isa = PBXBuildFile; fileRef = BA94275A2BFED3AC0020E1FB /* day2.swift */; };
		BA94275F2BFEDC650020E1FB /* Checkpoint1.swift in Sources */ = {isa = PBXBuildFile; fileRef = BA94275E2BFEDC650020E1FB /* Checkpoint1.swift */; };
		BAA5124E2C4FF66A00943C45 /* day14.swift in Sources */ = {isa = PBXBuildFile; fileRef = BAA5124D2C4FF66A00943C45 /* day14.swift */; };
		BAACB6CF2C442F9F0025F734 /* day11.swift in Sources */ = {isa = PBXBuildFile; fileRef = BAACB6CE2C442F9F0025F734 /* day11.swift */; };
		BAACB6D12C443B5E0025F734 /* Checkpoint6.swift in Sources */ = {isa = PBXBuildFile; fileRef = BAACB6D02C443B5E0025F734 /* Checkpoint6.swift */; };
		BACEA1A32C0115590022F333 /* day4.swift in Sources */ = {isa = PBXBuildFile; fileRef = BACEA1A22C0115590022F333 /* day4.swift */; };
		BACEA1A52C011C050022F333 /* Checkpoint2.swift in Sources */ = {isa = PBXBuildFile; fileRef = BACEA1A42C011C050022F333 /* Checkpoint2.swift */; };
		BADC91222C45F15000FE6855 /* day12.swift in Sources */ = {isa = PBXBuildFile; fileRef = BADC91212C45F15000FE6855 /* day12.swift */; };
		BAF6872E2C4887EA0030FAE5 /* day13.swift in Sources */ = {isa = PBXBuildFile; fileRef = BAF6872D2C4887EA0030FAE5 /* day13.swift */; };
/* End PBXBuildFile section */

/* Begin PBXCopyFilesBuildPhase section */
		BA94274C2BFECF890020E1FB /* CopyFiles */ = {
			isa = PBXCopyFilesBuildPhase;
			buildActionMask = 2147483647;
			dstPath = /usr/share/man/man1/;
			dstSubfolderSpec = 0;
			files = (
			);
			runOnlyForDeploymentPostprocessing = 1;
		};
/* End PBXCopyFilesBuildPhase section */

/* Begin PBXFileReference section */
		BA0527D42C0F7EC800382B79 /* day8.swift */ = {isa = PBXFileReference; lastKnownFileType = sourcecode.swift; path = day8.swift; sourceTree = "<group>"; };
		BA0527D62C0F91FF00382B79 /* Checkpoint4.swift */ = {isa = PBXFileReference; lastKnownFileType = sourcecode.swift; path = Checkpoint4.swift; sourceTree = "<group>"; };
		BA0827752BFF8A3000C064A7 /* day.swift */ = {isa = PBXFileReference; lastKnownFileType = sourcecode.swift; path = day.swift; sourceTree = "<group>"; };
		BA0827772BFF8C0500C064A7 /* day3.swift */ = {isa = PBXFileReference; lastKnownFileType = sourcecode.swift; path = day3.swift; sourceTree = "<group>"; };
		BA1225822C04F9050098EE78 /* day5.swift */ = {isa = PBXFileReference; lastKnownFileType = sourcecode.swift; path = day5.swift; sourceTree = "<group>"; };
		BA25CD502C12751E0099754E /* day9.swift */ = {isa = PBXFileReference; lastKnownFileType = sourcecode.swift; path = day9.swift; sourceTree = "<group>"; };
		BA5372D12C46D52000C33C88 /* Checkpoint7.swift */ = {isa = PBXFileReference; lastKnownFileType = sourcecode.swift; path = Checkpoint7.swift; sourceTree = "<group>"; };
		BA55561F2C23A267000FA298 /* day10.swift */ = {isa = PBXFileReference; lastKnownFileType = sourcecode.swift; path = day10.swift; sourceTree = "<group>"; };
		BA5BA9F92C06967F00768C06 /* day6.swift */ = {isa = PBXFileReference; lastKnownFileType = sourcecode.swift; path = day6.swift; sourceTree = "<group>"; };
		BA5BA9FB2C06AD8100768C06 /* Checkpoint3.swift */ = {isa = PBXFileReference; lastKnownFileType = sourcecode.swift; path = Checkpoint3.swift; sourceTree = "<group>"; };
		BA84BC0A2C0E33F4001EA09D /* day7.swift */ = {isa = PBXFileReference; lastKnownFileType = sourcecode.swift; path = day7.swift; sourceTree = "<group>"; };
		BA85E37E2C4F47EB000C3CE7 /* Checkpoint8.swift */ = {isa = PBXFileReference; lastKnownFileType = sourcecode.swift; path = Checkpoint8.swift; sourceTree = "<group>"; };
		BA88908C2C21133C0053D0EF /* Checkpoint5.swift */ = {isa = PBXFileReference; lastKnownFileType = sourcecode.swift; path = Checkpoint5.swift; sourceTree = "<group>"; };
		BA94274E2BFECF890020E1FB /* 100DaysOfSwiftUI */ = {isa = PBXFileReference; explicitFileType = "compiled.mach-o.executable"; includeInIndex = 0; path = 100DaysOfSwiftUI; sourceTree = BUILT_PRODUCTS_DIR; };
		BA9427512BFECF890020E1FB /* main.swift */ = {isa = PBXFileReference; lastKnownFileType = sourcecode.swift; path = main.swift; sourceTree = "<group>"; };
		BA9427582BFECFA30020E1FB /* day1.swift */ = {isa = PBXFileReference; lastKnownFileType = sourcecode.swift; path = day1.swift; sourceTree = "<group>"; };
		BA94275A2BFED3AC0020E1FB /* day2.swift */ = {isa = PBXFileReference; lastKnownFileType = sourcecode.swift; path = day2.swift; sourceTree = "<group>"; };
		BA94275E2BFEDC650020E1FB /* Checkpoint1.swift */ = {isa = PBXFileReference; lastKnownFileType = sourcecode.swift; path = Checkpoint1.swift; sourceTree = "<group>"; };
		BAA5124D2C4FF66A00943C45 /* day14.swift */ = {isa = PBXFileReference; lastKnownFileType = sourcecode.swift; path = day14.swift; sourceTree = "<group>"; };
		BAACB6CE2C442F9F0025F734 /* day11.swift */ = {isa = PBXFileReference; lastKnownFileType = sourcecode.swift; path = day11.swift; sourceTree = "<group>"; };
		BAACB6D02C443B5E0025F734 /* Checkpoint6.swift */ = {isa = PBXFileReference; lastKnownFileType = sourcecode.swift; path = Checkpoint6.swift; sourceTree = "<group>"; };
		BACEA1A22C0115590022F333 /* day4.swift */ = {isa = PBXFileReference; lastKnownFileType = sourcecode.swift; path = day4.swift; sourceTree = "<group>"; };
		BACEA1A42C011C050022F333 /* Checkpoint2.swift */ = {isa = PBXFileReference; lastKnownFileType = sourcecode.swift; path = Checkpoint2.swift; sourceTree = "<group>"; };
		BADC91212C45F15000FE6855 /* day12.swift */ = {isa = PBXFileReference; lastKnownFileType = sourcecode.swift; path = day12.swift; sourceTree = "<group>"; };
		BAF6872D2C4887EA0030FAE5 /* day13.swift */ = {isa = PBXFileReference; lastKnownFileType = sourcecode.swift; path = day13.swift; sourceTree = "<group>"; };
/* End PBXFileReference section */

/* Begin PBXFrameworksBuildPhase section */
		BA94274B2BFECF890020E1FB /* Frameworks */ = {
			isa = PBXFrameworksBuildPhase;
			buildActionMask = 2147483647;
			files = (
			);
			runOnlyForDeploymentPostprocessing = 0;
		};
/* End PBXFrameworksBuildPhase section */

/* Begin PBXGroup section */
		BA0827732BFF8A0600C064A7 /* Days */ = {
			isa = PBXGroup;
			children = (
				BA9427582BFECFA30020E1FB /* day1.swift */,
				BA94275A2BFED3AC0020E1FB /* day2.swift */,
				BA0827772BFF8C0500C064A7 /* day3.swift */,
				BACEA1A22C0115590022F333 /* day4.swift */,
				BA1225822C04F9050098EE78 /* day5.swift */,
				BA5BA9F92C06967F00768C06 /* day6.swift */,
				BA84BC0A2C0E33F4001EA09D /* day7.swift */,
				BA0527D42C0F7EC800382B79 /* day8.swift */,
				BA25CD502C12751E0099754E /* day9.swift */,
				BA55561F2C23A267000FA298 /* day10.swift */,
				BAACB6CE2C442F9F0025F734 /* day11.swift */,
				BADC91212C45F15000FE6855 /* day12.swift */,
				BAF6872D2C4887EA0030FAE5 /* day13.swift */,
				BAA5124D2C4FF66A00943C45 /* day14.swift */,
			);
			path = Days;
			sourceTree = "<group>";
		};
		BA0827742BFF8A1700C064A7 /* Checkpoints */ = {
			isa = PBXGroup;
			children = (
				BA94275E2BFEDC650020E1FB /* Checkpoint1.swift */,
				BACEA1A42C011C050022F333 /* Checkpoint2.swift */,
				BA5BA9FB2C06AD8100768C06 /* Checkpoint3.swift */,
				BA0527D62C0F91FF00382B79 /* Checkpoint4.swift */,
				BA88908C2C21133C0053D0EF /* Checkpoint5.swift */,
				BAACB6D02C443B5E0025F734 /* Checkpoint6.swift */,
				BA5372D12C46D52000C33C88 /* Checkpoint7.swift */,
				BA85E37E2C4F47EB000C3CE7 /* Checkpoint8.swift */,
			);
			path = Checkpoints;
			sourceTree = "<group>";
		};
		BA9427452BFECF890020E1FB = {
			isa = PBXGroup;
			children = (
				BA9427502BFECF890020E1FB /* 100DaysOfSwiftUI */,
				BA94274F2BFECF890020E1FB /* Products */,
			);
			sourceTree = "<group>";
		};
		BA94274F2BFECF890020E1FB /* Products */ = {
			isa = PBXGroup;
			children = (
				BA94274E2BFECF890020E1FB /* 100DaysOfSwiftUI */,
			);
			name = Products;
			sourceTree = "<group>";
		};
		BA9427502BFECF890020E1FB /* 100DaysOfSwiftUI */ = {
			isa = PBXGroup;
			children = (
				BA9427512BFECF890020E1FB /* main.swift */,
				BA0827752BFF8A3000C064A7 /* day.swift */,
				BA0827732BFF8A0600C064A7 /* Days */,
				BA0827742BFF8A1700C064A7 /* Checkpoints */,
			);
			path = 100DaysOfSwiftUI;
			sourceTree = "<group>";
		};
/* End PBXGroup section */

/* Begin PBXNativeTarget section */
		BA94274D2BFECF890020E1FB /* 100DaysOfSwiftUI */ = {
			isa = PBXNativeTarget;
			buildConfigurationList = BA9427552BFECF890020E1FB /* Build configuration list for PBXNativeTarget "100DaysOfSwiftUI" */;
			buildPhases = (
				BA94274A2BFECF890020E1FB /* Sources */,
				BA94274B2BFECF890020E1FB /* Frameworks */,
				BA94274C2BFECF890020E1FB /* CopyFiles */,
			);
			buildRules = (
			);
			dependencies = (
			);
			name = 100DaysOfSwiftUI;
			productName = 100DaysOfSwiftUI;
			productReference = BA94274E2BFECF890020E1FB /* 100DaysOfSwiftUI */;
			productType = "com.apple.product-type.tool";
		};
/* End PBXNativeTarget section */

/* Begin PBXProject section */
		BA9427462BFECF890020E1FB /* Project object */ = {
			isa = PBXProject;
			attributes = {
				BuildIndependentTargetsInParallel = 1;
				LastSwiftUpdateCheck = 1540;
				LastUpgradeCheck = 1540;
				TargetAttributes = {
					BA94274D2BFECF890020E1FB = {
						CreatedOnToolsVersion = 15.4;
					};
				};
			};
			buildConfigurationList = BA9427492BFECF890020E1FB /* Build configuration list for PBXProject "100DaysOfSwiftUI" */;
			compatibilityVersion = "Xcode 14.0";
			developmentRegion = en;
			hasScannedForEncodings = 0;
			knownRegions = (
				en,
				Base,
			);
			mainGroup = BA9427452BFECF890020E1FB;
			productRefGroup = BA94274F2BFECF890020E1FB /* Products */;
			projectDirPath = "";
			projectRoot = "";
			targets = (
				BA94274D2BFECF890020E1FB /* 100DaysOfSwiftUI */,
			);
		};
/* End PBXProject section */

/* Begin PBXSourcesBuildPhase section */
		BA94274A2BFECF890020E1FB /* Sources */ = {
			isa = PBXSourcesBuildPhase;
			buildActionMask = 2147483647;
			files = (
				BA5372D22C46D52000C33C88 /* Checkpoint7.swift in Sources */,
				BAACB6D12C443B5E0025F734 /* Checkpoint6.swift in Sources */,
				BA5556202C23A267000FA298 /* day10.swift in Sources */,
				BA9427592BFECFA30020E1FB /* day1.swift in Sources */,
				BA0827762BFF8A3100C064A7 /* day.swift in Sources */,
				BACEA1A32C0115590022F333 /* day4.swift in Sources */,
				BA5BA9FA2C06967F00768C06 /* day6.swift in Sources */,
				BA94275F2BFEDC650020E1FB /* Checkpoint1.swift in Sources */,
				BA0527D52C0F7EC800382B79 /* day8.swift in Sources */,
				BA94275B2BFED3AC0020E1FB /* day2.swift in Sources */,
				BAF6872E2C4887EA0030FAE5 /* day13.swift in Sources */,
				BAACB6CF2C442F9F0025F734 /* day11.swift in Sources */,
				BA0827782BFF8C0500C064A7 /* day3.swift in Sources */,
				BADC91222C45F15000FE6855 /* day12.swift in Sources */,
				BA0527D72C0F91FF00382B79 /* Checkpoint4.swift in Sources */,
				BA88908D2C21133C0053D0EF /* Checkpoint5.swift in Sources */,
				BACEA1A52C011C050022F333 /* Checkpoint2.swift in Sources */,
				BAA5124E2C4FF66A00943C45 /* day14.swift in Sources */,
				BA85E37F2C4F47EB000C3CE7 /* Checkpoint8.swift in Sources */,
				BA1225832C04F9050098EE78 /* day5.swift in Sources */,
				BA9427522BFECF890020E1FB /* main.swift in Sources */,
				BA84BC0B2C0E33F4001EA09D /* day7.swift in Sources */,
				BA25CD512C12751E0099754E /* day9.swift in Sources */,
				BA5BA9FC2C06AD8100768C06 /* Checkpoint3.swift in Sources */,
			);
			runOnlyForDeploymentPostprocessing = 0;
		};
/* End PBXSourcesBuildPhase section */

/* Begin XCBuildConfiguration section */
		BA9427532BFECF890020E1FB /* Debug */ = {
			isa = XCBuildConfiguration;
			buildSettings = {
				ALWAYS_SEARCH_USER_PATHS = NO;
				ASSETCATALOG_COMPILER_GENERATE_SWIFT_ASSET_SYMBOL_EXTENSIONS = YES;
				CLANG_ANALYZER_NONNULL = YES;
				CLANG_ANALYZER_NUMBER_OBJECT_CONVERSION = YES_AGGRESSIVE;
				CLANG_CXX_LANGUAGE_STANDARD = "gnu++20";
				CLANG_ENABLE_MODULES = YES;
				CLANG_ENABLE_OBJC_ARC = YES;
				CLANG_ENABLE_OBJC_WEAK = YES;
				CLANG_WARN_BLOCK_CAPTURE_AUTORELEASING = YES;
				CLANG_WARN_BOOL_CONVERSION = YES;
				CLANG_WARN_COMMA = YES;
				CLANG_WARN_CONSTANT_CONVERSION = YES;
				CLANG_WARN_DEPRECATED_OBJC_IMPLEMENTATIONS = YES;
				CLANG_WARN_DIRECT_OBJC_ISA_USAGE = YES_ERROR;
				CLANG_WARN_DOCUMENTATION_COMMENTS = YES;
				CLANG_WARN_EMPTY_BODY = YES;
				CLANG_WARN_ENUM_CONVERSION = YES;
				CLANG_WARN_INFINITE_RECURSION = YES;
				CLANG_WARN_INT_CONVERSION = YES;
				CLANG_WARN_NON_LITERAL_NULL_CONVERSION = YES;
				CLANG_WARN_OBJC_IMPLICIT_RETAIN_SELF = YES;
				CLANG_WARN_OBJC_LITERAL_CONVERSION = YES;
				CLANG_WARN_OBJC_ROOT_CLASS = YES_ERROR;
				CLANG_WARN_QUOTED_INCLUDE_IN_FRAMEWORK_HEADER = YES;
				CLANG_WARN_RANGE_LOOP_ANALYSIS = YES;
				CLANG_WARN_STRICT_PROTOTYPES = YES;
				CLANG_WARN_SUSPICIOUS_MOVE = YES;
				CLANG_WARN_UNGUARDED_AVAILABILITY = YES_AGGRESSIVE;
				CLANG_WARN_UNREACHABLE_CODE = YES;
				CLANG_WARN__DUPLICATE_METHOD_MATCH = YES;
				COPY_PHASE_STRIP = NO;
				DEBUG_INFORMATION_FORMAT = dwarf;
				ENABLE_STRICT_OBJC_MSGSEND = YES;
				ENABLE_TESTABILITY = YES;
				ENABLE_USER_SCRIPT_SANDBOXING = YES;
				GCC_C_LANGUAGE_STANDARD = gnu17;
				GCC_DYNAMIC_NO_PIC = NO;
				GCC_NO_COMMON_BLOCKS = YES;
				GCC_OPTIMIZATION_LEVEL = 0;
				GCC_PREPROCESSOR_DEFINITIONS = (
					"DEBUG=1",
					"$(inherited)",
				);
				GCC_WARN_64_TO_32_BIT_CONVERSION = YES;
				GCC_WARN_ABOUT_RETURN_TYPE = YES_ERROR;
				GCC_WARN_UNDECLARED_SELECTOR = YES;
				GCC_WARN_UNINITIALIZED_AUTOS = YES_AGGRESSIVE;
				GCC_WARN_UNUSED_FUNCTION = YES;
				GCC_WARN_UNUSED_VARIABLE = YES;
				LOCALIZATION_PREFERS_STRING_CATALOGS = YES;
				MACOSX_DEPLOYMENT_TARGET = 14.4;
				MTL_ENABLE_DEBUG_INFO = INCLUDE_SOURCE;
				MTL_FAST_MATH = YES;
				ONLY_ACTIVE_ARCH = YES;
				SDKROOT = macosx;
				SWIFT_ACTIVE_COMPILATION_CONDITIONS = "DEBUG $(inherited)";
				SWIFT_OPTIMIZATION_LEVEL = "-Onone";
			};
			name = Debug;
		};
		BA9427542BFECF890020E1FB /* Release */ = {
			isa = XCBuildConfiguration;
			buildSettings = {
				ALWAYS_SEARCH_USER_PATHS = NO;
				ASSETCATALOG_COMPILER_GENERATE_SWIFT_ASSET_SYMBOL_EXTENSIONS = YES;
				CLANG_ANALYZER_NONNULL = YES;
				CLANG_ANALYZER_NUMBER_OBJECT_CONVERSION = YES_AGGRESSIVE;
				CLANG_CXX_LANGUAGE_STANDARD = "gnu++20";
				CLANG_ENABLE_MODULES = YES;
				CLANG_ENABLE_OBJC_ARC = YES;
				CLANG_ENABLE_OBJC_WEAK = YES;
				CLANG_WARN_BLOCK_CAPTURE_AUTORELEASING = YES;
				CLANG_WARN_BOOL_CONVERSION = YES;
				CLANG_WARN_COMMA = YES;
				CLANG_WARN_CONSTANT_CONVERSION = YES;
				CLANG_WARN_DEPRECATED_OBJC_IMPLEMENTATIONS = YES;
				CLANG_WARN_DIRECT_OBJC_ISA_USAGE = YES_ERROR;
				CLANG_WARN_DOCUMENTATION_COMMENTS = YES;
				CLANG_WARN_EMPTY_BODY = YES;
				CLANG_WARN_ENUM_CONVERSION = YES;
				CLANG_WARN_INFINITE_RECURSION = YES;
				CLANG_WARN_INT_CONVERSION = YES;
				CLANG_WARN_NON_LITERAL_NULL_CONVERSION = YES;
				CLANG_WARN_OBJC_IMPLICIT_RETAIN_SELF = YES;
				CLANG_WARN_OBJC_LITERAL_CONVERSION = YES;
				CLANG_WARN_OBJC_ROOT_CLASS = YES_ERROR;
				CLANG_WARN_QUOTED_INCLUDE_IN_FRAMEWORK_HEADER = YES;
				CLANG_WARN_RANGE_LOOP_ANALYSIS = YES;
				CLANG_WARN_STRICT_PROTOTYPES = YES;
				CLANG_WARN_SUSPICIOUS_MOVE = YES;
				CLANG_WARN_UNGUARDED_AVAILABILITY = YES_AGGRESSIVE;
				CLANG_WARN_UNREACHABLE_CODE = YES;
				CLANG_WARN__DUPLICATE_METHOD_MATCH = YES;
				COPY_PHASE_STRIP = NO;
				DEBUG_INFORMATION_FORMAT = "dwarf-with-dsym";
				ENABLE_NS_ASSERTIONS = NO;
				ENABLE_STRICT_OBJC_MSGSEND = YES;
				ENABLE_USER_SCRIPT_SANDBOXING = YES;
				GCC_C_LANGUAGE_STANDARD = gnu17;
				GCC_NO_COMMON_BLOCKS = YES;
				GCC_WARN_64_TO_32_BIT_CONVERSION = YES;
				GCC_WARN_ABOUT_RETURN_TYPE = YES_ERROR;
				GCC_WARN_UNDECLARED_SELECTOR = YES;
				GCC_WARN_UNINITIALIZED_AUTOS = YES_AGGRESSIVE;
				GCC_WARN_UNUSED_FUNCTION = YES;
				GCC_WARN_UNUSED_VARIABLE = YES;
				LOCALIZATION_PREFERS_STRING_CATALOGS = YES;
				MACOSX_DEPLOYMENT_TARGET = 14.4;
				MTL_ENABLE_DEBUG_INFO = NO;
				MTL_FAST_MATH = YES;
				SDKROOT = macosx;
				SWIFT_COMPILATION_MODE = wholemodule;
			};
			name = Release;
		};
		BA9427562BFECF890020E1FB /* Debug */ = {
			isa = XCBuildConfiguration;
			buildSettings = {
				CODE_SIGN_STYLE = Automatic;
				DEVELOPMENT_TEAM = W48D24282D;
				ENABLE_HARDENED_RUNTIME = YES;
				PRODUCT_NAME = "$(TARGET_NAME)";
				SWIFT_VERSION = 5.0;
			};
			name = Debug;
		};
		BA9427572BFECF890020E1FB /* Release */ = {
			isa = XCBuildConfiguration;
			buildSettings = {
				CODE_SIGN_STYLE = Automatic;
				DEVELOPMENT_TEAM = W48D24282D;
				ENABLE_HARDENED_RUNTIME = YES;
				PRODUCT_NAME = "$(TARGET_NAME)";
				SWIFT_VERSION = 5.0;
			};
			name = Release;
		};
/* End XCBuildConfiguration section */

/* Begin XCConfigurationList section */
		BA9427492BFECF890020E1FB /* Build configuration list for PBXProject "100DaysOfSwiftUI" */ = {
			isa = XCConfigurationList;
			buildConfigurations = (
				BA9427532BFECF890020E1FB /* Debug */,
				BA9427542BFECF890020E1FB /* Release */,
			);
			defaultConfigurationIsVisible = 0;
			defaultConfigurationName = Release;
		};
		BA9427552BFECF890020E1FB /* Build configuration list for PBXNativeTarget "100DaysOfSwiftUI" */ = {
			isa = XCConfigurationList;
			buildConfigurations = (
				BA9427562BFECF890020E1FB /* Debug */,
				BA9427572BFECF890020E1FB /* Release */,
			);
			defaultConfigurationIsVisible = 0;
			defaultConfigurationName = Release;
		};
/* End XCConfigurationList section */
	};
	rootObject = BA9427462BFECF890020E1FB /* Project object */;
}
